
Microsoft Visual Studio Solution File, Format Version 12.00
# Visual Studio Version 17
VisualStudioVersion = 17.4.33110.190
MinimumVisualStudioVersion = 10.0.40219.1
Project("{9A19103F-16F7-4668-BE54-9A1E7A4F7556}") = "AdventOfCode2022", "2022\AdventOfCode2022\AdventOfCode2022.csproj", "{9928A80D-C852-4E82-83D7-7384B10FC030}"
EndProject
Project("{9A19103F-16F7-4668-BE54-9A1E7A4F7556}") = "AdventOfCode2022Test", "2022\AdventOfCode2022Test\AdventOfCode2022Test.csproj", "{BE8D8D0B-A28B-45F4-8713-8631C64D6B55}"
EndProject
Project("{2150E333-8FDC-42A3-9474-1A3956D46DE8}") = "2022", "2022", "{415A911F-2021-4D6B-9E43-704A28800771}"
	ProjectSection(SolutionItems) = preProject
		2022\AdventOfCode2022\.gitignore = AdventOfCode2022\.gitignore
		.gitignore = .gitignore
	EndProjectSection
EndProject
Global
	GlobalSection(SolutionConfigurationPlatforms) = preSolution
		Debug|Any CPU = Debug|Any CPU
		Release|Any CPU = Release|Any CPU
	EndGlobalSection
	GlobalSection(ProjectConfigurationPlatforms) = postSolution
		{9928A80D-C852-4E82-83D7-7384B10FC030}.Debug|Any CPU.ActiveCfg = Debug|Any CPU
		{9928A80D-C852-4E82-83D7-7384B10FC030}.Debug|Any CPU.Build.0 = Debug|Any CPU
		{9928A80D-C852-4E82-83D7-7384B10FC030}.Release|Any CPU.ActiveCfg = Release|Any CPU
		{9928A80D-C852-4E82-83D7-7384B10FC030}.Release|Any CPU.Build.0 = Release|Any CPU
		{BE8D8D0B-A28B-45F4-8713-8631C64D6B55}.Debug|Any CPU.ActiveCfg = Debug|Any CPU
		{BE8D8D0B-A28B-45F4-8713-8631C64D6B55}.Debug|Any CPU.Build.0 = Debug|Any CPU
		{BE8D8D0B-A28B-45F4-8713-8631C64D6B55}.Release|Any CPU.ActiveCfg = Release|Any CPU
		{BE8D8D0B-A28B-45F4-8713-8631C64D6B55}.Release|Any CPU.Build.0 = Release|Any CPU
	EndGlobalSection
	GlobalSection(SolutionProperties) = preSolution
		HideSolutionNode = FALSE
	EndGlobalSection
	GlobalSection(NestedProjects) = preSolution
		{9928A80D-C852-4E82-83D7-7384B10FC030} = {415A911F-2021-4D6B-9E43-704A28800771}
		{BE8D8D0B-A28B-45F4-8713-8631C64D6B55} = {415A911F-2021-4D6B-9E43-704A28800771}
	EndGlobalSection
	GlobalSection(ExtensibilityGlobals) = postSolution
		SolutionGuid = {4AE84645-06CF-4CDA-B8BE-4E2569E2E721}
	EndGlobalSection
EndGlobal
